{
  "name": "letsconfig",
  "lockfileVersion": 2,
  "requires": true,
  "packages": {
    "": {
      "dependencies": {
        "nzfunc": "^1.0.0"
      }
    },
    "node_modules/nzfunc": {
      "version": "1.0.0",
      "resolved": "https://registry.npmjs.org/nzfunc/-/nzfunc-1.0.0.tgz",
      "integrity": "sha512-Y19t3oETxb0n3ASRkh5AYEeN/RsxukHkP+7fqcXW9rdBD3GMFkBYi4G6O6784atFCnKS5pO4ddAkAiHPXkV22A=="
    }
  },
  "dependencies": {
    "nzfunc": {
      "version": "1.0.0",
      "resolved": "https://registry.npmjs.org/nzfunc/-/nzfunc-1.0.0.tgz",
      "integrity": "sha512-Y19t3oETxb0n3ASRkh5AYEeN/RsxukHkP+7fqcXW9rdBD3GMFkBYi4G6O6784atFCnKS5pO4ddAkAiHPXkV22A=="
    }
  }
}
